// !$*UTF8*$!
{
	archiveVersion = 1;
	classes = {
	};
	objectVersion = 50;
	objects = {

/* Begin PBXBuildFile section */
		B94D8194208FAB5300A09CAE /* AppDelegate.swift in Sources */ = {isa = PBXBuildFile; fileRef = B94D8193208FAB5300A09CAE /* AppDelegate.swift */; };
		B94D8199208FAB5300A09CAE /* Main.storyboard in Resources */ = {isa = PBXBuildFile; fileRef = B94D8197208FAB5300A09CAE /* Main.storyboard */; };
		B94D819B208FAB5500A09CAE /* Assets.xcassets in Resources */ = {isa = PBXBuildFile; fileRef = B94D819A208FAB5500A09CAE /* Assets.xcassets */; };
		B94D819E208FAB5500A09CAE /* LaunchScreen.storyboard in Resources */ = {isa = PBXBuildFile; fileRef = B94D819C208FAB5500A09CAE /* LaunchScreen.storyboard */; };
		B94D81A7208FAC0800A09CAE /* LoginController.swift in Sources */ = {isa = PBXBuildFile; fileRef = B94D81A6208FAC0800A09CAE /* LoginController.swift */; };
		B9704A77208FC14700AD7215 /* api.swift in Sources */ = {isa = PBXBuildFile; fileRef = B9704A76208FC14700AD7215 /* api.swift */; };
		B982EC5B208FB047007AEC51 /* extensions.swift in Sources */ = {isa = PBXBuildFile; fileRef = B982EC5A208FB047007AEC51 /* extensions.swift */; };
		B9D41A4E208FC23000A4E16B /* UserModel.swift in Sources */ = {isa = PBXBuildFile; fileRef = B9D41A4D208FC23000A4E16B /* UserModel.swift */; };
		B9D41A50208FC24E00A4E16B /* ArticleModel.swift in Sources */ = {isa = PBXBuildFile; fileRef = B9D41A4F208FC24E00A4E16B /* ArticleModel.swift */; };
		B9D41A52208FC9CC00A4E16B /* NetworkingLayer.swift in Sources */ = {isa = PBXBuildFile; fileRef = B9D41A51208FC9CC00A4E16B /* NetworkingLayer.swift */; };
		B9D41A54208FCFEA00A4E16B /* AlertViewController.swift in Sources */ = {isa = PBXBuildFile; fileRef = B9D41A53208FCFEA00A4E16B /* AlertViewController.swift */; };
		B9D41A56208FD06100A4E16B /* Register+Handlers.swift in Sources */ = {isa = PBXBuildFile; fileRef = B9D41A55208FD06100A4E16B /* Register+Handlers.swift */; };
		D2E4545C6D4FC586D6820513 /* Pods_Aarticle.framework in Frameworks */ = {isa = PBXBuildFile; fileRef = 07B2C48D4DBAAE97A616730B /* Pods_Aarticle.framework */; };
/* End PBXBuildFile section */

/* Begin PBXFileReference section */
		07B2C48D4DBAAE97A616730B /* Pods_Aarticle.framework */ = {isa = PBXFileReference; explicitFileType = wrapper.framework; includeInIndex = 0; path = Pods_Aarticle.framework; sourceTree = BUILT_PRODUCTS_DIR; };
		94309CF8161154E7F8A0536A /* Pods-Aarticle.release.xcconfig */ = {isa = PBXFileReference; includeInIndex = 1; lastKnownFileType = text.xcconfig; name = "Pods-Aarticle.release.xcconfig"; path = "Pods/Target Support Files/Pods-Aarticle/Pods-Aarticle.release.xcconfig"; sourceTree = "<group>"; };
		B94D8190208FAB5300A09CAE /* Aarticle.app */ = {isa = PBXFileReference; explicitFileType = wrapper.application; includeInIndex = 0; path = Aarticle.app; sourceTree = BUILT_PRODUCTS_DIR; };
		B94D8193208FAB5300A09CAE /* AppDelegate.swift */ = {isa = PBXFileReference; lastKnownFileType = sourcecode.swift; path = AppDelegate.swift; sourceTree = "<group>"; };
		B94D8198208FAB5300A09CAE /* Base */ = {isa = PBXFileReference; lastKnownFileType = file.storyboard; name = Base; path = Base.lproj/Main.storyboard; sourceTree = "<group>"; };
		B94D819A208FAB5500A09CAE /* Assets.xcassets */ = {isa = PBXFileReference; lastKnownFileType = folder.assetcatalog; path = Assets.xcassets; sourceTree = "<group>"; };
		B94D819D208FAB5500A09CAE /* Base */ = {isa = PBXFileReference; lastKnownFileType = file.storyboard; name = Base; path = Base.lproj/LaunchScreen.storyboard; sourceTree = "<group>"; };
		B94D819F208FAB5500A09CAE /* Info.plist */ = {isa = PBXFileReference; lastKnownFileType = text.plist.xml; path = Info.plist; sourceTree = "<group>"; };
		B94D81A6208FAC0800A09CAE /* LoginController.swift */ = {isa = PBXFileReference; lastKnownFileType = sourcecode.swift; path = LoginController.swift; sourceTree = "<group>"; };
		B9704A76208FC14700AD7215 /* api.swift */ = {isa = PBXFileReference; lastKnownFileType = sourcecode.swift; path = api.swift; sourceTree = "<group>"; };
		B982EC5A208FB047007AEC51 /* extensions.swift */ = {isa = PBXFileReference; lastKnownFileType = sourcecode.swift; path = extensions.swift; sourceTree = "<group>"; };
		B9D41A4D208FC23000A4E16B /* UserModel.swift */ = {isa = PBXFileReference; lastKnownFileType = sourcecode.swift; name = UserModel.swift; path = Aarticle/Utility/UserModel.swift; sourceTree = SOURCE_ROOT; };
		B9D41A4F208FC24E00A4E16B /* ArticleModel.swift */ = {isa = PBXFileReference; lastKnownFileType = sourcecode.swift; path = ArticleModel.swift; sourceTree = "<group>"; };
		B9D41A51208FC9CC00A4E16B /* NetworkingLayer.swift */ = {isa = PBXFileReference; lastKnownFileType = sourcecode.swift; path = NetworkingLayer.swift; sourceTree = "<group>"; };
		B9D41A53208FCFEA00A4E16B /* AlertViewController.swift */ = {isa = PBXFileReference; lastKnownFileType = sourcecode.swift; path = AlertViewController.swift; sourceTree = "<group>"; };
		B9D41A55208FD06100A4E16B /* Register+Handlers.swift */ = {isa = PBXFileReference; lastKnownFileType = sourcecode.swift; path = "Register+Handlers.swift"; sourceTree = "<group>"; };
		E44F5E0F3319EE1DFBC9628D /* Pods-Aarticle.debug.xcconfig */ = {isa = PBXFileReference; includeInIndex = 1; lastKnownFileType = text.xcconfig; name = "Pods-Aarticle.debug.xcconfig"; path = "Pods/Target Support Files/Pods-Aarticle/Pods-Aarticle.debug.xcconfig"; sourceTree = "<group>"; };
/* End PBXFileReference section */

/* Begin PBXFrameworksBuildPhase section */
		B94D818D208FAB5200A09CAE /* Frameworks */ = {
			isa = PBXFrameworksBuildPhase;
			buildActionMask = 2147483647;
			files = (
				D2E4545C6D4FC586D6820513 /* Pods_Aarticle.framework in Frameworks */,
			);
			runOnlyForDeploymentPostprocessing = 0;
		};
/* End PBXFrameworksBuildPhase section */

/* Begin PBXGroup section */
		4BAFC04188C1CA0B23ED4B50 /* Frameworks */ = {
			isa = PBXGroup;
			children = (
				07B2C48D4DBAAE97A616730B /* Pods_Aarticle.framework */,
			);
			name = Frameworks;
			sourceTree = "<group>";
		};
		B4F73C8270A95F2301EF0F0D /* Pods */ = {
			isa = PBXGroup;
			children = (
				E44F5E0F3319EE1DFBC9628D /* Pods-Aarticle.debug.xcconfig */,
				94309CF8161154E7F8A0536A /* Pods-Aarticle.release.xcconfig */,
			);
			name = Pods;
			sourceTree = "<group>";
		};
		B94D8187208FAB5200A09CAE = {
			isa = PBXGroup;
			children = (
				B94D8192208FAB5300A09CAE /* Aarticle */,
				B94D8191208FAB5300A09CAE /* Products */,
				B4F73C8270A95F2301EF0F0D /* Pods */,
				4BAFC04188C1CA0B23ED4B50 /* Frameworks */,
			);
			sourceTree = "<group>";
		};
		B94D8191208FAB5300A09CAE /* Products */ = {
			isa = PBXGroup;
			children = (
				B94D8190208FAB5300A09CAE /* Aarticle.app */,
			);
			name = Products;
			sourceTree = "<group>";
		};
		B94D8192208FAB5300A09CAE /* Aarticle */ = {
			isa = PBXGroup;
			children = (
				B94D8193208FAB5300A09CAE /* AppDelegate.swift */,
				B94D81A5208FABF200A09CAE /* User */,
				B94D8197208FAB5300A09CAE /* Main.storyboard */,
				B9CC288D208FC1D30000F77E /* Models */,
				B9704A76208FC14700AD7215 /* api.swift */,
				B9D41A51208FC9CC00A4E16B /* NetworkingLayer.swift */,
				B982EC59208FB032007AEC51 /* Utility */,
				B94D819A208FAB5500A09CAE /* Assets.xcassets */,
				B94D819C208FAB5500A09CAE /* LaunchScreen.storyboard */,
				B94D819F208FAB5500A09CAE /* Info.plist */,
			);
			path = Aarticle;
			sourceTree = "<group>";
		};
		B94D81A5208FABF200A09CAE /* User */ = {
			isa = PBXGroup;
			children = (
				B94D81A6208FAC0800A09CAE /* LoginController.swift */,
				B9D41A55208FD06100A4E16B /* Register+Handlers.swift */,
				B9D41A53208FCFEA00A4E16B /* AlertViewController.swift */,
			);
			name = User;
			sourceTree = "<group>";
		};
		B982EC59208FB032007AEC51 /* Utility */ = {
			isa = PBXGroup;
			children = (
				B982EC5A208FB047007AEC51 /* extensions.swift */,
			);
			path = Utility;
			sourceTree = "<group>";
		};
		B9CC288D208FC1D30000F77E /* Models */ = {
			isa = PBXGroup;
			children = (
				B9D41A4D208FC23000A4E16B /* UserModel.swift */,
				B9D41A4F208FC24E00A4E16B /* ArticleModel.swift */,
			);
			name = Models;
			path = Utility;
			sourceTree = "<group>";
		};
/* End PBXGroup section */

/* Begin PBXNativeTarget section */
		B94D818F208FAB5200A09CAE /* Aarticle */ = {
			isa = PBXNativeTarget;
			buildConfigurationList = B94D81A2208FAB5500A09CAE /* Build configuration list for PBXNativeTarget "Aarticle" */;
			buildPhases = (
				D8AACCE5233C9CE579F3654A /* [CP] Check Pods Manifest.lock */,
				B94D818C208FAB5200A09CAE /* Sources */,
				B94D818D208FAB5200A09CAE /* Frameworks */,
				B94D818E208FAB5200A09CAE /* Resources */,
				B2EC9FE0C1EE96DD2151DCA4 /* [CP] Embed Pods Frameworks */,
				3006D7CC6496E888FD367EF0 /* [CP] Copy Pods Resources */,
			);
			buildRules = (
			);
			dependencies = (
			);
			name = Aarticle;
			productName = Aarticle;
			productReference = B94D8190208FAB5300A09CAE /* Aarticle.app */;
			productType = "com.apple.product-type.application";
		};
/* End PBXNativeTarget section */

/* Begin PBXProject section */
		B94D8188208FAB5200A09CAE /* Project object */ = {
			isa = PBXProject;
			attributes = {
				LastSwiftUpdateCheck = 0930;
				LastUpgradeCheck = 0930;
				ORGANIZATIONNAME = "Phyllis Wong";
				TargetAttributes = {
					B94D818F208FAB5200A09CAE = {
						CreatedOnToolsVersion = 9.3;
					};
				};
			};
			buildConfigurationList = B94D818B208FAB5200A09CAE /* Build configuration list for PBXProject "Aarticle" */;
			compatibilityVersion = "Xcode 9.3";
			developmentRegion = en;
			hasScannedForEncodings = 0;
			knownRegions = (
				en,
				Base,
			);
			mainGroup = B94D8187208FAB5200A09CAE;
			productRefGroup = B94D8191208FAB5300A09CAE /* Products */;
			projectDirPath = "";
			projectRoot = "";
			targets = (
				B94D818F208FAB5200A09CAE /* Aarticle */,
			);
		};
/* End PBXProject section */

/* Begin PBXResourcesBuildPhase section */
		B94D818E208FAB5200A09CAE /* Resources */ = {
			isa = PBXResourcesBuildPhase;
			buildActionMask = 2147483647;
			files = (
				B94D819E208FAB5500A09CAE /* LaunchScreen.storyboard in Resources */,
				B94D819B208FAB5500A09CAE /* Assets.xcassets in Resources */,
				B94D8199208FAB5300A09CAE /* Main.storyboard in Resources */,
			);
			runOnlyForDeploymentPostprocessing = 0;
		};
/* End PBXResourcesBuildPhase section */

/* Begin PBXShellScriptBuildPhase section */
		3006D7CC6496E888FD367EF0 /* [CP] Copy Pods Resources */ = {
			isa = PBXShellScriptBuildPhase;
			buildActionMask = 2147483647;
			files = (
			);
			inputPaths = (
			);
			name = "[CP] Copy Pods Resources";
			outputPaths = (
			);
			runOnlyForDeploymentPostprocessing = 0;
			shellPath = /bin/sh;
			shellScript = "\"${SRCROOT}/Pods/Target Support Files/Pods-Aarticle/Pods-Aarticle-resources.sh\"\n";
			showEnvVarsInLog = 0;
		};
		B2EC9FE0C1EE96DD2151DCA4 /* [CP] Embed Pods Frameworks */ = {
			isa = PBXShellScriptBuildPhase;
			buildActionMask = 2147483647;
			files = (
			);
			inputPaths = (
				"${SRCROOT}/Pods/Target Support Files/Pods-Aarticle/Pods-Aarticle-frameworks.sh",
				"${BUILT_PRODUCTS_DIR}/Alamofire/Alamofire.framework",
				"${BUILT_PRODUCTS_DIR}/KeychainSwift/KeychainSwift.framework",
				"${BUILT_PRODUCTS_DIR}/Moya/Moya.framework",
				"${BUILT_PRODUCTS_DIR}/Result/Result.framework",
				"${BUILT_PRODUCTS_DIR}/SwiftyJSON/SwiftyJSON.framework",
			);
			name = "[CP] Embed Pods Frameworks";
			outputPaths = (
				"${TARGET_BUILD_DIR}/${FRAMEWORKS_FOLDER_PATH}/Alamofire.framework",
				"${TARGET_BUILD_DIR}/${FRAMEWORKS_FOLDER_PATH}/KeychainSwift.framework",
				"${TARGET_BUILD_DIR}/${FRAMEWORKS_FOLDER_PATH}/Moya.framework",
				"${TARGET_BUILD_DIR}/${FRAMEWORKS_FOLDER_PATH}/Result.framework",
				"${TARGET_BUILD_DIR}/${FRAMEWORKS_FOLDER_PATH}/SwiftyJSON.framework",
			);
			runOnlyForDeploymentPostprocessing = 0;
			shellPath = /bin/sh;
			shellScript = "\"${SRCROOT}/Pods/Target Support Files/Pods-Aarticle/Pods-Aarticle-frameworks.sh\"\n";
			showEnvVarsInLog = 0;
		};
		D8AACCE5233C9CE579F3654A /* [CP] Check Pods Manifest.lock */ = {
			isa = PBXShellScriptBuildPhase;
			buildActionMask = 2147483647;
			files = (
			);
			inputPaths = (
				"${PODS_PODFILE_DIR_PATH}/Podfile.lock",
				"${PODS_ROOT}/Manifest.lock",
			);
			name = "[CP] Check Pods Manifest.lock";
			outputPaths = (
				"$(DERIVED_FILE_DIR)/Pods-Aarticle-checkManifestLockResult.txt",
			);
			runOnlyForDeploymentPostprocessing = 0;
			shellPath = /bin/sh;
			shellScript = "diff \"${PODS_PODFILE_DIR_PATH}/Podfile.lock\" \"${PODS_ROOT}/Manifest.lock\" > /dev/null\nif [ $? != 0 ] ; then\n    # print error to STDERR\n    echo \"error: The sandbox is not in sync with the Podfile.lock. Run 'pod install' or update your CocoaPods installation.\" >&2\n    exit 1\nfi\n# This output is used by Xcode 'outputs' to avoid re-running this script phase.\necho \"SUCCESS\" > \"${SCRIPT_OUTPUT_FILE_0}\"\n";
			showEnvVarsInLog = 0;
		};
/* End PBXShellScriptBuildPhase section */

/* Begin PBXSourcesBuildPhase section */
		B94D818C208FAB5200A09CAE /* Sources */ = {
			isa = PBXSourcesBuildPhase;
			buildActionMask = 2147483647;
			files = (
				B94D81A7208FAC0800A09CAE /* LoginController.swift in Sources */,
				B9D41A56208FD06100A4E16B /* Register+Handlers.swift in Sources */,
				B94D8194208FAB5300A09CAE /* AppDelegate.swift in Sources */,
				B9704A77208FC14700AD7215 /* api.swift in Sources */,
				B9D41A54208FCFEA00A4E16B /* AlertViewController.swift in Sources */,
				B9D41A4E208FC23000A4E16B /* UserModel.swift in Sources */,
				B9D41A50208FC24E00A4E16B /* ArticleModel.swift in Sources */,
				B982EC5B208FB047007AEC51 /* extensions.swift in Sources */,
				B9D41A52208FC9CC00A4E16B /* NetworkingLayer.swift in Sources */,
			);
			runOnlyForDeploymentPostprocessing = 0;
		};
/* End PBXSourcesBuildPhase section */

/* Begin PBXVariantGroup section */
		B94D8197208FAB5300A09CAE /* Main.storyboard */ = {
			isa = PBXVariantGroup;
			children = (
				B94D8198208FAB5300A09CAE /* Base */,
			);
			name = Main.storyboard;
			sourceTree = "<group>";
		};
		B94D819C208FAB5500A09CAE /* LaunchScreen.storyboard */ = {
			isa = PBXVariantGroup;
			children = (
				B94D819D208FAB5500A09CAE /* Base */,
			);
			name = LaunchScreen.storyboard;
			sourceTree = "<group>";
		};
/* End PBXVariantGroup section */

/* Begin XCBuildConfiguration section */
		B94D81A0208FAB5500A09CAE /* Debug */ = {
			isa = XCBuildConfiguration;
			buildSettings = {
				ALWAYS_SEARCH_USER_PATHS = NO;
				CLANG_ANALYZER_NONNULL = YES;
				CLANG_ANALYZER_NUMBER_OBJECT_CONVERSION = YES_AGGRESSIVE;
				CLANG_CXX_LANGUAGE_STANDARD = "gnu++14";
				CLANG_CXX_LIBRARY = "libc++";
				CLANG_ENABLE_MODULES = YES;
				CLANG_ENABLE_OBJC_ARC = YES;
				CLANG_ENABLE_OBJC_WEAK = YES;
				CLANG_WARN_BLOCK_CAPTURE_AUTORELEASING = YES;
				CLANG_WARN_BOOL_CONVERSION = YES;
				CLANG_WARN_COMMA = YES;
				CLANG_WARN_CONSTANT_CONVERSION = YES;
				CLANG_WARN_DEPRECATED_OBJC_IMPLEMENTATIONS = YES;
				CLANG_WARN_DIRECT_OBJC_ISA_USAGE = YES_ERROR;
				CLANG_WARN_DOCUMENTATION_COMMENTS = YES;
				CLANG_WARN_EMPTY_BODY = YES;
				CLANG_WARN_ENUM_CONVERSION = YES;
				CLANG_WARN_INFINITE_RECURSION = YES;
				CLANG_WARN_INT_CONVERSION = YES;
				CLANG_WARN_NON_LITERAL_NULL_CONVERSION = YES;
				CLANG_WARN_OBJC_IMPLICIT_RETAIN_SELF = YES;
				CLANG_WARN_OBJC_LITERAL_CONVERSION = YES;
				CLANG_WARN_OBJC_ROOT_CLASS = YES_ERROR;
				CLANG_WARN_RANGE_LOOP_ANALYSIS = YES;
				CLANG_WARN_STRICT_PROTOTYPES = YES;
				CLANG_WARN_SUSPICIOUS_MOVE = YES;
				CLANG_WARN_UNGUARDED_AVAILABILITY = YES_AGGRESSIVE;
				CLANG_WARN_UNREACHABLE_CODE = YES;
				CLANG_WARN__DUPLICATE_METHOD_MATCH = YES;
				CODE_SIGN_IDENTITY = "iPhone Developer";
				COPY_PHASE_STRIP = NO;
				DEBUG_INFORMATION_FORMAT = dwarf;
				ENABLE_STRICT_OBJC_MSGSEND = YES;
				ENABLE_TESTABILITY = YES;
				GCC_C_LANGUAGE_STANDARD = gnu11;
				GCC_DYNAMIC_NO_PIC = NO;
				GCC_NO_COMMON_BLOCKS = YES;
				GCC_OPTIMIZATION_LEVEL = 0;
				GCC_PREPROCESSOR_DEFINITIONS = (
					"DEBUG=1",
					"$(inherited)",
				);
				GCC_WARN_64_TO_32_BIT_CONVERSION = YES;
				GCC_WARN_ABOUT_RETURN_TYPE = YES_ERROR;
				GCC_WARN_UNDECLARED_SELECTOR = YES;
				GCC_WARN_UNINITIALIZED_AUTOS = YES_AGGRESSIVE;
				GCC_WARN_UNUSED_FUNCTION = YES;
				GCC_WARN_UNUSED_VARIABLE = YES;
				IPHONEOS_DEPLOYMENT_TARGET = 11.3;
				MTL_ENABLE_DEBUG_INFO = YES;
				ONLY_ACTIVE_ARCH = YES;
				SDKROOT = iphoneos;
				SWIFT_ACTIVE_COMPILATION_CONDITIONS = DEBUG;
				SWIFT_OPTIMIZATION_LEVEL = "-Onone";
			};
			name = Debug;
		};
		B94D81A1208FAB5500A09CAE /* Release */ = {
			isa = XCBuildConfiguration;
			buildSettings = {
				ALWAYS_SEARCH_USER_PATHS = NO;
				CLANG_ANALYZER_NONNULL = YES;
				CLANG_ANALYZER_NUMBER_OBJECT_CONVERSION = YES_AGGRESSIVE;
				CLANG_CXX_LANGUAGE_STANDARD = "gnu++14";
				CLANG_CXX_LIBRARY = "libc++";
				CLANG_ENABLE_MODULES = YES;
				CLANG_ENABLE_OBJC_ARC = YES;
				CLANG_ENABLE_OBJC_WEAK = YES;
				CLANG_WARN_BLOCK_CAPTURE_AUTORELEASING = YES;
				CLANG_WARN_BOOL_CONVERSION = YES;
				CLANG_WARN_COMMA = YES;
				CLANG_WARN_CONSTANT_CONVERSION = YES;
				CLANG_WARN_DEPRECATED_OBJC_IMPLEMENTATIONS = YES;
				CLANG_WARN_DIRECT_OBJC_ISA_USAGE = YES_ERROR;
				CLANG_WARN_DOCUMENTATION_COMMENTS = YES;
				CLANG_WARN_EMPTY_BODY = YES;
				CLANG_WARN_ENUM_CONVERSION = YES;
				CLANG_WARN_INFINITE_RECURSION = YES;
				CLANG_WARN_INT_CONVERSION = YES;
				CLANG_WARN_NON_LITERAL_NULL_CONVERSION = YES;
				CLANG_WARN_OBJC_IMPLICIT_RETAIN_SELF = YES;
				CLANG_WARN_OBJC_LITERAL_CONVERSION = YES;
				CLANG_WARN_OBJC_ROOT_CLASS = YES_ERROR;
				CLANG_WARN_RANGE_LOOP_ANALYSIS = YES;
				CLANG_WARN_STRICT_PROTOTYPES = YES;
				CLANG_WARN_SUSPICIOUS_MOVE = YES;
				CLANG_WARN_UNGUARDED_AVAILABILITY = YES_AGGRESSIVE;
				CLANG_WARN_UNREACHABLE_CODE = YES;
				CLANG_WARN__DUPLICATE_METHOD_MATCH = YES;
				CODE_SIGN_IDENTITY = "iPhone Developer";
				COPY_PHASE_STRIP = NO;
				DEBUG_INFORMATION_FORMAT = "dwarf-with-dsym";
				ENABLE_NS_ASSERTIONS = NO;
				ENABLE_STRICT_OBJC_MSGSEND = YES;
				GCC_C_LANGUAGE_STANDARD = gnu11;
				GCC_NO_COMMON_BLOCKS = YES;
				GCC_WARN_64_TO_32_BIT_CONVERSION = YES;
				GCC_WARN_ABOUT_RETURN_TYPE = YES_ERROR;
				GCC_WARN_UNDECLARED_SELECTOR = YES;
				GCC_WARN_UNINITIALIZED_AUTOS = YES_AGGRESSIVE;
				GCC_WARN_UNUSED_FUNCTION = YES;
				GCC_WARN_UNUSED_VARIABLE = YES;
				IPHONEOS_DEPLOYMENT_TARGET = 11.3;
				MTL_ENABLE_DEBUG_INFO = NO;
				SDKROOT = iphoneos;
				SWIFT_COMPILATION_MODE = wholemodule;
				SWIFT_OPTIMIZATION_LEVEL = "-O";
				VALIDATE_PRODUCT = YES;
			};
			name = Release;
		};
		B94D81A3208FAB5500A09CAE /* Debug */ = {
			isa = XCBuildConfiguration;
			baseConfigurationReference = E44F5E0F3319EE1DFBC9628D /* Pods-Aarticle.debug.xcconfig */;
			buildSettings = {
				ASSETCATALOG_COMPILER_APPICON_NAME = AppIcon;
				CODE_SIGN_STYLE = Automatic;
				DEVELOPMENT_TEAM = S44SNCV32X;
				INFOPLIST_FILE = Aarticle/Info.plist;
				LD_RUNPATH_SEARCH_PATHS = (
					"$(inherited)",
					"@executable_path/Frameworks",
				);
				PRODUCT_BUNDLE_IDENTIFIER = com.phyllisApps.Aarticle;
				PRODUCT_NAME = "$(TARGET_NAME)";
				SWIFT_VERSION = 4.0;
				TARGETED_DEVICE_FAMILY = "1,2";
			};
			name = Debug;
		};
		B94D81A4208FAB5500A09CAE /* Release */ = {
			isa = XCBuildConfiguration;
			baseConfigurationReference = 94309CF8161154E7F8A0536A /* Pods-Aarticle.release.xcconfig */;
			buildSettings = {
				ASSETCATALOG_COMPILER_APPICON_NAME = AppIcon;
				CODE_SIGN_STYLE = Automatic;
				DEVELOPMENT_TEAM = S44SNCV32X;
				INFOPLIST_FILE = Aarticle/Info.plist;
				LD_RUNPATH_SEARCH_PATHS = (
					"$(inherited)",
					"@executable_path/Frameworks",
				);
				PRODUCT_BUNDLE_IDENTIFIER = com.phyllisApps.Aarticle;
				PRODUCT_NAME = "$(TARGET_NAME)";
				SWIFT_VERSION = 4.0;
				TARGETED_DEVICE_FAMILY = "1,2";
			};
			name = Release;
		};
/* End XCBuildConfiguration section */

/* Begin XCConfigurationList section */
		B94D818B208FAB5200A09CAE /* Build configuration list for PBXProject "Aarticle" */ = {
			isa = XCConfigurationList;
			buildConfigurations = (
				B94D81A0208FAB5500A09CAE /* Debug */,
				B94D81A1208FAB5500A09CAE /* Release */,
			);
			defaultConfigurationIsVisible = 0;
			defaultConfigurationName = Release;
		};
		B94D81A2208FAB5500A09CAE /* Build configuration list for PBXNativeTarget "Aarticle" */ = {
			isa = XCConfigurationList;
			buildConfigurations = (
				B94D81A3208FAB5500A09CAE /* Debug */,
				B94D81A4208FAB5500A09CAE /* Release */,
			);
			defaultConfigurationIsVisible = 0;
			defaultConfigurationName = Release;
		};
/* End XCConfigurationList section */
	};
	rootObject = B94D8188208FAB5200A09CAE /* Project object */;
}
